
Microsoft Visual Studio Solution File, Format Version 12.00
# Visual Studio Version 17
VisualStudioVersion = 17.14.36414.22 d17.14
MinimumVisualStudioVersion = 10.0.40219.1
Project("{FAE04EC0-301F-11D3-BF4B-00C04F79EFBC}") = "Praktek7.1_Ummi Salamah_X PPLG 2", "Praktek7.1_Ummi Salamah_X PPLG 2.csproj", "{ED0411DE-DD05-4DE3-94EE-D8E7F55ECCCB}"
EndProject
Global
	GlobalSection(SolutionConfigurationPlatforms) = preSolution
		Debug|Any CPU = Debug|Any CPU
		Release|Any CPU = Release|Any CPU
	EndGlobalSection
	GlobalSection(ProjectConfigurationPlatforms) = postSolution
		{ED0411DE-DD05-4DE3-94EE-D8E7F55ECCCB}.Debug|Any CPU.ActiveCfg = Debug|Any CPU
		{ED0411DE-DD05-4DE3-94EE-D8E7F55ECCCB}.Debug|Any CPU.Build.0 = Debug|Any CPU
		{ED0411DE-DD05-4DE3-94EE-D8E7F55ECCCB}.Release|Any CPU.ActiveCfg = Release|Any CPU
		{ED0411DE-DD05-4DE3-94EE-D8E7F55ECCCB}.Release|Any CPU.Build.0 = Release|Any CPU
	EndGlobalSection
	GlobalSection(SolutionProperties) = preSolution
		HideSolutionNode = FALSE
	EndGlobalSection
	GlobalSection(ExtensibilityGlobals) = postSolution
		SolutionGuid = {8F21AD48-C338-459D-B98B-EAC88B7560AF}
	EndGlobalSection
EndGlobal
