
Microsoft Visual Studio Solution File, Format Version 12.00
# Visual Studio Version 17
VisualStudioVersion = 17.14.36414.22 d17.14
MinimumVisualStudioVersion = 10.0.40219.1
Project("{FAE04EC0-301F-11D3-BF4B-00C04F79EFBC}") = "Tugas2_fungsiratarata", "Tugas2_fungsiratarata.csproj", "{B0D13254-9DA2-4CE9-AA14-953E8BDEB88E}"
EndProject
Global
	GlobalSection(SolutionConfigurationPlatforms) = preSolution
		Debug|Any CPU = Debug|Any CPU
		Release|Any CPU = Release|Any CPU
	EndGlobalSection
	GlobalSection(ProjectConfigurationPlatforms) = postSolution
		{B0D13254-9DA2-4CE9-AA14-953E8BDEB88E}.Debug|Any CPU.ActiveCfg = Debug|Any CPU
		{B0D13254-9DA2-4CE9-AA14-953E8BDEB88E}.Debug|Any CPU.Build.0 = Debug|Any CPU
		{B0D13254-9DA2-4CE9-AA14-953E8BDEB88E}.Release|Any CPU.ActiveCfg = Release|Any CPU
		{B0D13254-9DA2-4CE9-AA14-953E8BDEB88E}.Release|Any CPU.Build.0 = Release|Any CPU
	EndGlobalSection
	GlobalSection(SolutionProperties) = preSolution
		HideSolutionNode = FALSE
	EndGlobalSection
	GlobalSection(ExtensibilityGlobals) = postSolution
		SolutionGuid = {531D7966-7EB8-4F9A-B95F-17EAAB47FB56}
	EndGlobalSection
EndGlobal
