
Microsoft Visual Studio Solution File, Format Version 12.00
# Visual Studio Version 17
VisualStudioVersion = 17.14.36518.9 d17.14
MinimumVisualStudioVersion = 10.0.40219.1
Project("{FAE04EC0-301F-11D3-BF4B-00C04F79EFBC}") = "praktik_6.1_XPPLG2", "praktik_6.1_XPPLG2\praktik_6.1_XPPLG2.csproj", "{B456D2FC-36EF-4A6F-B848-96A68DA51FAA}"
EndProject
Global
	GlobalSection(SolutionConfigurationPlatforms) = preSolution
		Debug|Any CPU = Debug|Any CPU
		Release|Any CPU = Release|Any CPU
	EndGlobalSection
	GlobalSection(ProjectConfigurationPlatforms) = postSolution
		{B456D2FC-36EF-4A6F-B848-96A68DA51FAA}.Debug|Any CPU.ActiveCfg = Debug|Any CPU
		{B456D2FC-36EF-4A6F-B848-96A68DA51FAA}.Debug|Any CPU.Build.0 = Debug|Any CPU
		{B456D2FC-36EF-4A6F-B848-96A68DA51FAA}.Release|Any CPU.ActiveCfg = Release|Any CPU
		{B456D2FC-36EF-4A6F-B848-96A68DA51FAA}.Release|Any CPU.Build.0 = Release|Any CPU
	EndGlobalSection
	GlobalSection(SolutionProperties) = preSolution
		HideSolutionNode = FALSE
	EndGlobalSection
	GlobalSection(ExtensibilityGlobals) = postSolution
		SolutionGuid = {AD4BEEEA-A8B8-474E-968D-31D9B55C86E5}
	EndGlobalSection
EndGlobal
