
Microsoft Visual Studio Solution File, Format Version 12.00
# Visual Studio Version 17
VisualStudioVersion = 17.14.36414.22 d17.14
MinimumVisualStudioVersion = 10.0.40219.1
Project("{FAE04EC0-301F-11D3-BF4B-00C04F79EFBC}") = "Praktek_7.5_kalkulator", "Praktek_7.5_kalkulator.csproj", "{32222B5E-F050-4558-A20F-2741184AFF64}"
EndProject
Global
	GlobalSection(SolutionConfigurationPlatforms) = preSolution
		Debug|Any CPU = Debug|Any CPU
		Release|Any CPU = Release|Any CPU
	EndGlobalSection
	GlobalSection(ProjectConfigurationPlatforms) = postSolution
		{32222B5E-F050-4558-A20F-2741184AFF64}.Debug|Any CPU.ActiveCfg = Debug|Any CPU
		{32222B5E-F050-4558-A20F-2741184AFF64}.Debug|Any CPU.Build.0 = Debug|Any CPU
		{32222B5E-F050-4558-A20F-2741184AFF64}.Release|Any CPU.ActiveCfg = Release|Any CPU
		{32222B5E-F050-4558-A20F-2741184AFF64}.Release|Any CPU.Build.0 = Release|Any CPU
	EndGlobalSection
	GlobalSection(SolutionProperties) = preSolution
		HideSolutionNode = FALSE
	EndGlobalSection
	GlobalSection(ExtensibilityGlobals) = postSolution
		SolutionGuid = {BB97853F-3853-4B8A-BDE0-73682EE3B42D}
	EndGlobalSection
EndGlobal
